
Microsoft Visual Studio Solution File, Format Version 12.00
# Visual Studio Version 17
VisualStudioVersion = 17.4.33110.190
MinimumVisualStudioVersion = 10.0.40219.1
Project("{FAE04EC0-301F-11D3-BF4B-00C04F79EFBC}") = "CMS_Site", "CMS_Site\CMS_Site.csproj", "{7862273E-7302-4589-BBFF-D578C05FEEA2}"
EndProject
Project("{FAE04EC0-301F-11D3-BF4B-00C04F79EFBC}") = "DAL", "DAL\DAL.csproj", "{D4CE0FD1-612B-4A21-AEF2-2D7946999619}"
EndProject
Global
	GlobalSection(SolutionConfigurationPlatforms) = preSolution
		Debug|Any CPU = Debug|Any CPU
		Release|Any CPU = Release|Any CPU
	EndGlobalSection
	GlobalSection(ProjectConfigurationPlatforms) = postSolution
		{7862273E-7302-4589-BBFF-D578C05FEEA2}.Debug|Any CPU.ActiveCfg = Debug|Any CPU
		{7862273E-7302-4589-BBFF-D578C05FEEA2}.Debug|Any CPU.Build.0 = Debug|Any CPU
		{7862273E-7302-4589-BBFF-D578C05FEEA2}.Release|Any CPU.ActiveCfg = Release|Any CPU
		{7862273E-7302-4589-BBFF-D578C05FEEA2}.Release|Any CPU.Build.0 = Release|Any CPU
		{D4CE0FD1-612B-4A21-AEF2-2D7946999619}.Debug|Any CPU.ActiveCfg = Debug|Any CPU
		{D4CE0FD1-612B-4A21-AEF2-2D7946999619}.Debug|Any CPU.Build.0 = Debug|Any CPU
		{D4CE0FD1-612B-4A21-AEF2-2D7946999619}.Release|Any CPU.ActiveCfg = Release|Any CPU
		{D4CE0FD1-612B-4A21-AEF2-2D7946999619}.Release|Any CPU.Build.0 = Release|Any CPU
	EndGlobalSection
	GlobalSection(SolutionProperties) = preSolution
		HideSolutionNode = FALSE
	EndGlobalSection
	GlobalSection(ExtensibilityGlobals) = postSolution
		SolutionGuid = {A6541616-A63C-4CE4-B9A0-5921B856F023}
	EndGlobalSection
EndGlobal
